
Microsoft Visual Studio Solution File, Format Version 12.00
# Visual Studio 15
VisualStudioVersion = 15.0.27703.2000
MinimumVisualStudioVersion = 10.0.40219.1
Project("{FAE04EC0-301F-11D3-BF4B-00C04F79EFBC}") = "WebApplication2", "WebApplication2\WebApplication2.csproj", "{CF8481BC-1C19-41D2-A1B5-6B4BB4E5FA10}"
EndProject
Global
	GlobalSection(SolutionConfigurationPlatforms) = preSolution
		Debug|Any CPU = Debug|Any CPU
		Release|Any CPU = Release|Any CPU
	EndGlobalSection
	GlobalSection(ProjectConfigurationPlatforms) = postSolution
		{CF8481BC-1C19-41D2-A1B5-6B4BB4E5FA10}.Debug|Any CPU.ActiveCfg = Debug|Any CPU
		{CF8481BC-1C19-41D2-A1B5-6B4BB4E5FA10}.Debug|Any CPU.Build.0 = Debug|Any CPU
		{CF8481BC-1C19-41D2-A1B5-6B4BB4E5FA10}.Release|Any CPU.ActiveCfg = Release|Any CPU
		{CF8481BC-1C19-41D2-A1B5-6B4BB4E5FA10}.Release|Any CPU.Build.0 = Release|Any CPU
	EndGlobalSection
	GlobalSection(SolutionProperties) = preSolution
		HideSolutionNode = FALSE
	EndGlobalSection
	GlobalSection(ExtensibilityGlobals) = postSolution
		SolutionGuid = {FE4789CA-C7A4-4D63-ADAA-7B4C64EE97C5}
	EndGlobalSection
EndGlobal
