
Microsoft Visual Studio Solution File, Format Version 12.00
# Visual Studio 15
VisualStudioVersion = 15.0.27703.2000
MinimumVisualStudioVersion = 10.0.40219.1
Project("{FAE04EC0-301F-11D3-BF4B-00C04F79EFBC}") = "WebApplication12", "WebApplication12\WebApplication12.csproj", "{03926899-E952-4F4C-BEB6-C1D37F7DFECD}"
EndProject
Global
	GlobalSection(SolutionConfigurationPlatforms) = preSolution
		Debug|Any CPU = Debug|Any CPU
		Release|Any CPU = Release|Any CPU
	EndGlobalSection
	GlobalSection(ProjectConfigurationPlatforms) = postSolution
		{03926899-E952-4F4C-BEB6-C1D37F7DFECD}.Debug|Any CPU.ActiveCfg = Debug|Any CPU
		{03926899-E952-4F4C-BEB6-C1D37F7DFECD}.Debug|Any CPU.Build.0 = Debug|Any CPU
		{03926899-E952-4F4C-BEB6-C1D37F7DFECD}.Release|Any CPU.ActiveCfg = Release|Any CPU
		{03926899-E952-4F4C-BEB6-C1D37F7DFECD}.Release|Any CPU.Build.0 = Release|Any CPU
	EndGlobalSection
	GlobalSection(SolutionProperties) = preSolution
		HideSolutionNode = FALSE
	EndGlobalSection
	GlobalSection(ExtensibilityGlobals) = postSolution
		SolutionGuid = {A3F2CAD6-987C-4FEB-9728-6286B40DA817}
	EndGlobalSection
EndGlobal
