
Microsoft Visual Studio Solution File, Format Version 12.00
# Visual Studio 15
VisualStudioVersion = 15.0.27004.2005
MinimumVisualStudioVersion = 10.0.40219.1
Project("{FAE04EC0-301F-11D3-BF4B-00C04F79EFBC}") = "ConsoleApp17", "ConsoleApp17\ConsoleApp17.csproj", "{85D4FD73-7AF3-4E89-AA5B-EFBCBFC0CCB4}"
EndProject
Global
	GlobalSection(SolutionConfigurationPlatforms) = preSolution
		Debug|Any CPU = Debug|Any CPU
		Release|Any CPU = Release|Any CPU
	EndGlobalSection
	GlobalSection(ProjectConfigurationPlatforms) = postSolution
		{85D4FD73-7AF3-4E89-AA5B-EFBCBFC0CCB4}.Debug|Any CPU.ActiveCfg = Debug|Any CPU
		{85D4FD73-7AF3-4E89-AA5B-EFBCBFC0CCB4}.Debug|Any CPU.Build.0 = Debug|Any CPU
		{85D4FD73-7AF3-4E89-AA5B-EFBCBFC0CCB4}.Release|Any CPU.ActiveCfg = Release|Any CPU
		{85D4FD73-7AF3-4E89-AA5B-EFBCBFC0CCB4}.Release|Any CPU.Build.0 = Release|Any CPU
	EndGlobalSection
	GlobalSection(SolutionProperties) = preSolution
		HideSolutionNode = FALSE
	EndGlobalSection
	GlobalSection(ExtensibilityGlobals) = postSolution
		SolutionGuid = {0FB9EA87-39CE-4DD4-9FF0-8DA3D2F7B25A}
	EndGlobalSection
EndGlobal
