
Microsoft Visual Studio Solution File, Format Version 12.00
# Visual Studio 15
VisualStudioVersion = 15.0.26730.12
MinimumVisualStudioVersion = 10.0.40219.1
Project("{FAE04EC0-301F-11D3-BF4B-00C04F79EFBC}") = "Løkker", "Løkker\Løkker.csproj", "{368A4D9E-E60D-4E57-BBD0-D1876E4B3C6F}"
EndProject
Global
	GlobalSection(SolutionConfigurationPlatforms) = preSolution
		Debug|Any CPU = Debug|Any CPU
		Release|Any CPU = Release|Any CPU
	EndGlobalSection
	GlobalSection(ProjectConfigurationPlatforms) = postSolution
		{368A4D9E-E60D-4E57-BBD0-D1876E4B3C6F}.Debug|Any CPU.ActiveCfg = Debug|Any CPU
		{368A4D9E-E60D-4E57-BBD0-D1876E4B3C6F}.Debug|Any CPU.Build.0 = Debug|Any CPU
		{368A4D9E-E60D-4E57-BBD0-D1876E4B3C6F}.Release|Any CPU.ActiveCfg = Release|Any CPU
		{368A4D9E-E60D-4E57-BBD0-D1876E4B3C6F}.Release|Any CPU.Build.0 = Release|Any CPU
	EndGlobalSection
	GlobalSection(SolutionProperties) = preSolution
		HideSolutionNode = FALSE
	EndGlobalSection
	GlobalSection(ExtensibilityGlobals) = postSolution
		SolutionGuid = {5F8E131F-635F-4402-8A4A-D819F7582F0F}
	EndGlobalSection
EndGlobal
